// !$*UTF8*$!
{
	archiveVersion = 1;
	classes = {
	};
	objectVersion = 46;
	objects = {

/* Begin PBXBuildFile section */
		4630BEE41B42E88D00351058 /* geometry.cc in Sources */ = {isa = PBXBuildFile; fileRef = 4630BEDE1B42E88D00351058 /* geometry.cc */; };
		4630BEE51B42E88D00351058 /* htm.cc in Sources */ = {isa = PBXBuildFile; fileRef = 4630BEE01B42E88D00351058 /* htm.cc */; };
		4630BEE61B42E88D00351058 /* wkt_parser.cc in Sources */ = {isa = PBXBuildFile; fileRef = 4630BEE21B42E88D00351058 /* wkt_parser.cc */; };
		46558F1B1BB06D4700D1ABDB /* server_base.cc in Sources */ = {isa = PBXBuildFile; fileRef = 46558F1A1BB06D4700D1ABDB /* server_base.cc */; };
		46558F761BB0B27100D1ABDB /* server_http.cc in Sources */ = {isa = PBXBuildFile; fileRef = 46558F741BB0B27100D1ABDB /* server_http.cc */; };
		46558F7A1BB0B86100D1ABDB /* server.cc in Sources */ = {isa = PBXBuildFile; fileRef = 46558F791BB0B86100D1ABDB /* server.cc */; };
		46558F7F1BB0C77900D1ABDB /* server_binary.cc in Sources */ = {isa = PBXBuildFile; fileRef = 46558F7D1BB0C77900D1ABDB /* server_binary.cc */; };
		46558F801BB0C77900D1ABDB /* server_discovery.cc in Sources */ = {isa = PBXBuildFile; fileRef = 46558F7E1BB0C77900D1ABDB /* server_discovery.cc */; };
		465C42A51B8E37FE00861471 /* database_utils.cc in Sources */ = {isa = PBXBuildFile; fileRef = 465C42A41B8E37FE00861471 /* database_utils.cc */; };
		46740EEC1B5436120073C5E9 /* datetime.cc in Sources */ = {isa = PBXBuildFile; fileRef = 46740EEA1B5436120073C5E9 /* datetime.cc */; };
		46B6B3CD1B7E3CEF000FA041 /* serialise.cc in Sources */ = {isa = PBXBuildFile; fileRef = 46B6B3CB1B7E3CEF000FA041 /* serialise.cc */; };
		46B6B3D21B7E4A1B000FA041 /* geospatialrange.cc in Sources */ = {isa = PBXBuildFile; fileRef = 46B6B3CF1B7E4A1B000FA041 /* geospatialrange.cc */; };
		46B6B3D31B7E4A1B000FA041 /* multivaluerange.cc in Sources */ = {isa = PBXBuildFile; fileRef = 46B6B3D11B7E4A1B000FA041 /* multivaluerange.cc */; };
		46B6B3D61B7E5B3C000FA041 /* generate_terms.cc in Sources */ = {isa = PBXBuildFile; fileRef = 46B6B3D41B7E5B3C000FA041 /* generate_terms.cc */; };
		C350589B1B7BAEE300901B80 /* multivaluekeymaker.cc in Sources */ = {isa = PBXBuildFile; fileRef = C350589A1B7BAEE300901B80 /* multivaluekeymaker.cc */; };
		C350589F1B99E75500901B80 /* io_utils.cc in Sources */ = {isa = PBXBuildFile; fileRef = C350589D1B99E75500901B80 /* io_utils.cc */; };
		C35058AB1BA325CC00901B80 /* lz4.c in Sources */ = {isa = PBXBuildFile; fileRef = C35058A21BA325CC00901B80 /* lz4.c */; };
		C35058AC1BA325CC00901B80 /* lz4frame.c in Sources */ = {isa = PBXBuildFile; fileRef = C35058A51BA325CC00901B80 /* lz4frame.c */; };
		C35058AD1BA325CC00901B80 /* lz4hc.c in Sources */ = {isa = PBXBuildFile; fileRef = C35058A71BA325CC00901B80 /* lz4hc.c */; };
		C35058AE1BA325CC00901B80 /* xxhash.c in Sources */ = {isa = PBXBuildFile; fileRef = C35058A91BA325CC00901B80 /* xxhash.c */; };
		C39AE0631B2F627E00203139 /* cJSON_Utils.c in Sources */ = {isa = PBXBuildFile; fileRef = C39AE0351B2F627E00203139 /* cJSON_Utils.c */; };
		C39AE0641B2F627E00203139 /* cJSON.c in Sources */ = {isa = PBXBuildFile; fileRef = C39AE0371B2F627E00203139 /* cJSON.c */; };
		C39AE0651B2F627E00203139 /* client_base.cc in Sources */ = {isa = PBXBuildFile; fileRef = C39AE0391B2F627E00203139 /* client_base.cc */; };
		C39AE0661B2F627E00203139 /* client_binary.cc in Sources */ = {isa = PBXBuildFile; fileRef = C39AE03B1B2F627E00203139 /* client_binary.cc */; };
		C39AE0671B2F627E00203139 /* client_http.cc in Sources */ = {isa = PBXBuildFile; fileRef = C39AE03D1B2F627E00203139 /* client_http.cc */; };
		C39AE0681B2F627E00203139 /* database.cc in Sources */ = {isa = PBXBuildFile; fileRef = C39AE0401B2F627E00203139 /* database.cc */; };
		C39AE0691B2F627E00203139 /* endpoint_resolver.cc in Sources */ = {isa = PBXBuildFile; fileRef = C39AE0421B2F627E00203139 /* endpoint_resolver.cc */; };
		C39AE06A1B2F627E00203139 /* endpoint.cc in Sources */ = {isa = PBXBuildFile; fileRef = C39AE0441B2F627E00203139 /* endpoint.cc */; };
		C39AE06B1B2F627E00203139 /* fields.cc in Sources */ = {isa = PBXBuildFile; fileRef = C39AE0461B2F627E00203139 /* fields.cc */; };
		C39AE06C1B2F627E00203139 /* http_parser.c in Sources */ = {isa = PBXBuildFile; fileRef = C39AE0481B2F627E00203139 /* http_parser.c */; };
		C39AE06D1B2F627E00203139 /* length.cc in Sources */ = {isa = PBXBuildFile; fileRef = C39AE04A1B2F627E00203139 /* length.cc */; };
		C39AE06E1B2F627E00203139 /* manager.cc in Sources */ = {isa = PBXBuildFile; fileRef = C39AE04D1B2F627E00203139 /* manager.cc */; };
		C39AE06F1B2F627E00203139 /* md5.cc in Sources */ = {isa = PBXBuildFile; fileRef = C39AE04F1B2F627E00203139 /* md5.cc */; };
		C39AE0701B2F627E00203139 /* multivalue.cc in Sources */ = {isa = PBXBuildFile; fileRef = C39AE0511B2F627E00203139 /* multivalue.cc */; };
		C39AE0711B2F627E00203139 /* replicator.cc in Sources */ = {isa = PBXBuildFile; fileRef = C39AE0541B2F627E00203139 /* replicator.cc */; };
		C39AE0741B2F627E00203139 /* threadpool.cc in Sources */ = {isa = PBXBuildFile; fileRef = C39AE05A1B2F627E00203139 /* threadpool.cc */; };
		C39AE0751B2F627E00203139 /* times.cc in Sources */ = {isa = PBXBuildFile; fileRef = C39AE05C1B2F627E00203139 /* times.cc */; };
		C39AE0761B2F627E00203139 /* utils.cc in Sources */ = {isa = PBXBuildFile; fileRef = C39AE05E1B2F627E00203139 /* utils.cc */; };
		C39AE0771B2F627E00203139 /* xapiand.cc in Sources */ = {isa = PBXBuildFile; fileRef = C39AE0611B2F627E00203139 /* xapiand.cc */; };
		C39AE07C1B2F62D700203139 /* cartesian.cc in Sources */ = {isa = PBXBuildFile; fileRef = C39AE0781B2F62D700203139 /* cartesian.cc */; };
		C39AE07D1B2F62D700203139 /* exception.cc in Sources */ = {isa = PBXBuildFile; fileRef = C39AE07A1B2F62D700203139 /* exception.cc */; };
		C3C37DBB1BB05C6900F99A84 /* namegen.cc in Sources */ = {isa = PBXBuildFile; fileRef = C3C37DBA1BB05C6900F99A84 /* namegen.cc */; };
/* End PBXBuildFile section */

/* Begin PBXCopyFilesBuildPhase section */
		E5CEBCC41A99C89000CD151F /* CopyFiles */ = {
			isa = PBXCopyFilesBuildPhase;
			buildActionMask = 2147483647;
			dstPath = /usr/share/man/man1/;
			dstSubfolderSpec = 0;
			files = (
			);
			runOnlyForDeploymentPostprocessing = 1;
		};
/* End PBXCopyFilesBuildPhase section */

/* Begin PBXFileReference section */
		4630BEDE1B42E88D00351058 /* geometry.cc */ = {isa = PBXFileReference; fileEncoding = 4; lastKnownFileType = sourcecode.cpp.cpp; name = geometry.cc; path = src/geometry.cc; sourceTree = "<group>"; };
		4630BEDF1B42E88D00351058 /* geometry.h */ = {isa = PBXFileReference; fileEncoding = 4; lastKnownFileType = sourcecode.c.h; name = geometry.h; path = src/geometry.h; sourceTree = "<group>"; };
		4630BEE01B42E88D00351058 /* htm.cc */ = {isa = PBXFileReference; fileEncoding = 4; lastKnownFileType = sourcecode.cpp.cpp; name = htm.cc; path = src/htm.cc; sourceTree = "<group>"; };
		4630BEE11B42E88D00351058 /* htm.h */ = {isa = PBXFileReference; fileEncoding = 4; lastKnownFileType = sourcecode.c.h; name = htm.h; path = src/htm.h; sourceTree = "<group>"; };
		4630BEE21B42E88D00351058 /* wkt_parser.cc */ = {isa = PBXFileReference; fileEncoding = 4; lastKnownFileType = sourcecode.cpp.cpp; name = wkt_parser.cc; path = src/wkt_parser.cc; sourceTree = "<group>"; };
		4630BEE31B42E88D00351058 /* wkt_parser.h */ = {isa = PBXFileReference; fileEncoding = 4; lastKnownFileType = sourcecode.c.h; name = wkt_parser.h; path = src/wkt_parser.h; sourceTree = "<group>"; };
		46558F1A1BB06D4700D1ABDB /* server_base.cc */ = {isa = PBXFileReference; fileEncoding = 4; lastKnownFileType = sourcecode.cpp.cpp; name = server_base.cc; path = src/server_base.cc; sourceTree = "<group>"; };
		46558F1C1BB06D5600D1ABDB /* server_base.h */ = {isa = PBXFileReference; fileEncoding = 4; lastKnownFileType = sourcecode.c.h; name = server_base.h; path = src/server_base.h; sourceTree = "<group>"; };
		46558F721BB0B27100D1ABDB /* server_http.h */ = {isa = PBXFileReference; fileEncoding = 4; lastKnownFileType = sourcecode.c.h; name = server_http.h; path = src/server_http.h; sourceTree = "<group>"; };
		46558F741BB0B27100D1ABDB /* server_http.cc */ = {isa = PBXFileReference; fileEncoding = 4; lastKnownFileType = sourcecode.cpp.cpp; name = server_http.cc; path = src/server_http.cc; sourceTree = "<group>"; };
		46558F781BB0B86100D1ABDB /* server.h */ = {isa = PBXFileReference; fileEncoding = 4; lastKnownFileType = sourcecode.c.h; name = server.h; path = src/server.h; sourceTree = "<group>"; };
		46558F791BB0B86100D1ABDB /* server.cc */ = {isa = PBXFileReference; fileEncoding = 4; lastKnownFileType = sourcecode.cpp.cpp; name = server.cc; path = src/server.cc; sourceTree = "<group>"; };
		46558F7B1BB0C77800D1ABDB /* server_binary.h */ = {isa = PBXFileReference; fileEncoding = 4; lastKnownFileType = sourcecode.c.h; name = server_binary.h; path = src/server_binary.h; sourceTree = "<group>"; };
		46558F7C1BB0C77900D1ABDB /* server_discovery.h */ = {isa = PBXFileReference; fileEncoding = 4; lastKnownFileType = sourcecode.c.h; name = server_discovery.h; path = src/server_discovery.h; sourceTree = "<group>"; };
		46558F7D1BB0C77900D1ABDB /* server_binary.cc */ = {isa = PBXFileReference; fileEncoding = 4; lastKnownFileType = sourcecode.cpp.cpp; name = server_binary.cc; path = src/server_binary.cc; sourceTree = "<group>"; };
		46558F7E1BB0C77900D1ABDB /* server_discovery.cc */ = {isa = PBXFileReference; fileEncoding = 4; lastKnownFileType = sourcecode.cpp.cpp; name = server_discovery.cc; path = src/server_discovery.cc; sourceTree = "<group>"; };
		465C42A31B8E37FE00861471 /* database_utils.h */ = {isa = PBXFileReference; fileEncoding = 4; lastKnownFileType = sourcecode.c.h; name = database_utils.h; path = src/database_utils.h; sourceTree = "<group>"; };
		465C42A41B8E37FE00861471 /* database_utils.cc */ = {isa = PBXFileReference; fileEncoding = 4; lastKnownFileType = sourcecode.cpp.cpp; name = database_utils.cc; path = src/database_utils.cc; sourceTree = "<group>"; };
		46740EEA1B5436120073C5E9 /* datetime.cc */ = {isa = PBXFileReference; fileEncoding = 4; lastKnownFileType = sourcecode.cpp.cpp; name = datetime.cc; path = src/datetime.cc; sourceTree = "<group>"; };
		46740EEB1B5436120073C5E9 /* datetime.h */ = {isa = PBXFileReference; fileEncoding = 4; lastKnownFileType = sourcecode.c.h; name = datetime.h; path = src/datetime.h; sourceTree = "<group>"; };
		46B6B3CB1B7E3CEF000FA041 /* serialise.cc */ = {isa = PBXFileReference; fileEncoding = 4; lastKnownFileType = sourcecode.cpp.cpp; name = serialise.cc; path = src/serialise.cc; sourceTree = "<group>"; };
		46B6B3CC1B7E3CEF000FA041 /* serialise.h */ = {isa = PBXFileReference; fileEncoding = 4; lastKnownFileType = sourcecode.c.h; name = serialise.h; path = src/serialise.h; sourceTree = "<group>"; };
		46B6B3CE1B7E4A1B000FA041 /* geospatialrange.h */ = {isa = PBXFileReference; fileEncoding = 4; lastKnownFileType = sourcecode.c.h; name = geospatialrange.h; path = src/geospatialrange.h; sourceTree = "<group>"; };
		46B6B3CF1B7E4A1B000FA041 /* geospatialrange.cc */ = {isa = PBXFileReference; fileEncoding = 4; lastKnownFileType = sourcecode.cpp.cpp; name = geospatialrange.cc; path = src/geospatialrange.cc; sourceTree = "<group>"; };
		46B6B3D01B7E4A1B000FA041 /* multivaluerange.h */ = {isa = PBXFileReference; fileEncoding = 4; lastKnownFileType = sourcecode.c.h; name = multivaluerange.h; path = src/multivaluerange.h; sourceTree = "<group>"; };
		46B6B3D11B7E4A1B000FA041 /* multivaluerange.cc */ = {isa = PBXFileReference; fileEncoding = 4; lastKnownFileType = sourcecode.cpp.cpp; name = multivaluerange.cc; path = src/multivaluerange.cc; sourceTree = "<group>"; };
		46B6B3D41B7E5B3C000FA041 /* generate_terms.cc */ = {isa = PBXFileReference; fileEncoding = 4; lastKnownFileType = sourcecode.cpp.cpp; name = generate_terms.cc; path = src/generate_terms.cc; sourceTree = "<group>"; };
		46B6B3D51B7E5B3C000FA041 /* generate_terms.h */ = {isa = PBXFileReference; fileEncoding = 4; lastKnownFileType = sourcecode.c.h; name = generate_terms.h; path = src/generate_terms.h; sourceTree = "<group>"; };
		C350589A1B7BAEE300901B80 /* multivaluekeymaker.cc */ = {isa = PBXFileReference; fileEncoding = 4; lastKnownFileType = sourcecode.cpp.cpp; name = multivaluekeymaker.cc; path = src/multivaluekeymaker.cc; sourceTree = "<group>"; };
		C350589C1B7BAF0500901B80 /* multivaluekeymaker.h */ = {isa = PBXFileReference; fileEncoding = 4; lastKnownFileType = sourcecode.c.h; name = multivaluekeymaker.h; path = src/multivaluekeymaker.h; sourceTree = "<group>"; };
		C350589D1B99E75500901B80 /* io_utils.cc */ = {isa = PBXFileReference; fileEncoding = 4; lastKnownFileType = sourcecode.cpp.cpp; name = io_utils.cc; path = src/io_utils.cc; sourceTree = "<group>"; };
		C350589E1B99E75500901B80 /* io_utils.h */ = {isa = PBXFileReference; fileEncoding = 4; lastKnownFileType = sourcecode.c.h; name = io_utils.h; path = src/io_utils.h; sourceTree = "<group>"; };
		C35058A21BA325CC00901B80 /* lz4.c */ = {isa = PBXFileReference; fileEncoding = 4; lastKnownFileType = sourcecode.c.c; name = lz4.c; path = src/lz4/lz4.c; sourceTree = "<group>"; };
		C35058A31BA325CC00901B80 /* lz4.h */ = {isa = PBXFileReference; fileEncoding = 4; lastKnownFileType = sourcecode.c.h; name = lz4.h; path = src/lz4/lz4.h; sourceTree = "<group>"; };
		C35058A41BA325CC00901B80 /* lz4frame_static.h */ = {isa = PBXFileReference; fileEncoding = 4; lastKnownFileType = sourcecode.c.h; name = lz4frame_static.h; path = src/lz4/lz4frame_static.h; sourceTree = "<group>"; };
		C35058A51BA325CC00901B80 /* lz4frame.c */ = {isa = PBXFileReference; fileEncoding = 4; lastKnownFileType = sourcecode.c.c; name = lz4frame.c; path = src/lz4/lz4frame.c; sourceTree = "<group>"; };
		C35058A61BA325CC00901B80 /* lz4frame.h */ = {isa = PBXFileReference; fileEncoding = 4; lastKnownFileType = sourcecode.c.h; name = lz4frame.h; path = src/lz4/lz4frame.h; sourceTree = "<group>"; };
		C35058A71BA325CC00901B80 /* lz4hc.c */ = {isa = PBXFileReference; fileEncoding = 4; lastKnownFileType = sourcecode.c.c; name = lz4hc.c; path = src/lz4/lz4hc.c; sourceTree = "<group>"; };
		C35058A81BA325CC00901B80 /* lz4hc.h */ = {isa = PBXFileReference; fileEncoding = 4; lastKnownFileType = sourcecode.c.h; name = lz4hc.h; path = src/lz4/lz4hc.h; sourceTree = "<group>"; };
		C35058A91BA325CC00901B80 /* xxhash.c */ = {isa = PBXFileReference; fileEncoding = 4; lastKnownFileType = sourcecode.c.c; name = xxhash.c; path = src/lz4/xxhash.c; sourceTree = "<group>"; };
		C35058AA1BA325CC00901B80 /* xxhash.h */ = {isa = PBXFileReference; fileEncoding = 4; lastKnownFileType = sourcecode.c.h; name = xxhash.h; path = src/lz4/xxhash.h; sourceTree = "<group>"; };
		C39AE0351B2F627E00203139 /* cJSON_Utils.c */ = {isa = PBXFileReference; fileEncoding = 4; lastKnownFileType = sourcecode.c.c; name = cJSON_Utils.c; path = src/cJSON_Utils.c; sourceTree = "<group>"; };
		C39AE0361B2F627E00203139 /* cJSON_Utils.h */ = {isa = PBXFileReference; fileEncoding = 4; lastKnownFileType = sourcecode.c.h; name = cJSON_Utils.h; path = src/cJSON_Utils.h; sourceTree = "<group>"; };
		C39AE0371B2F627E00203139 /* cJSON.c */ = {isa = PBXFileReference; fileEncoding = 4; lastKnownFileType = sourcecode.c.c; name = cJSON.c; path = src/cJSON.c; sourceTree = "<group>"; };
		C39AE0381B2F627E00203139 /* cJSON.h */ = {isa = PBXFileReference; fileEncoding = 4; lastKnownFileType = sourcecode.c.h; name = cJSON.h; path = src/cJSON.h; sourceTree = "<group>"; };
		C39AE0391B2F627E00203139 /* client_base.cc */ = {isa = PBXFileReference; fileEncoding = 4; lastKnownFileType = sourcecode.cpp.cpp; name = client_base.cc; path = src/client_base.cc; sourceTree = "<group>"; };
		C39AE03A1B2F627E00203139 /* client_base.h */ = {isa = PBXFileReference; fileEncoding = 4; lastKnownFileType = sourcecode.c.h; name = client_base.h; path = src/client_base.h; sourceTree = "<group>"; };
		C39AE03B1B2F627E00203139 /* client_binary.cc */ = {isa = PBXFileReference; fileEncoding = 4; lastKnownFileType = sourcecode.cpp.cpp; name = client_binary.cc; path = src/client_binary.cc; sourceTree = "<group>"; };
		C39AE03C1B2F627E00203139 /* client_binary.h */ = {isa = PBXFileReference; fileEncoding = 4; lastKnownFileType = sourcecode.c.h; name = client_binary.h; path = src/client_binary.h; sourceTree = "<group>"; };
		C39AE03D1B2F627E00203139 /* client_http.cc */ = {isa = PBXFileReference; fileEncoding = 4; lastKnownFileType = sourcecode.cpp.cpp; name = client_http.cc; path = src/client_http.cc; sourceTree = "<group>"; };
		C39AE03E1B2F627E00203139 /* client_http.h */ = {isa = PBXFileReference; fileEncoding = 4; lastKnownFileType = sourcecode.c.h; name = client_http.h; path = src/client_http.h; sourceTree = "<group>"; };
		C39AE03F1B2F627E00203139 /* config.h */ = {isa = PBXFileReference; fileEncoding = 4; lastKnownFileType = sourcecode.c.h; name = config.h; path = src/config.h; sourceTree = "<group>"; };
		C39AE0401B2F627E00203139 /* database.cc */ = {isa = PBXFileReference; fileEncoding = 4; lastKnownFileType = sourcecode.cpp.cpp; name = database.cc; path = src/database.cc; sourceTree = "<group>"; };
		C39AE0411B2F627E00203139 /* database.h */ = {isa = PBXFileReference; fileEncoding = 4; lastKnownFileType = sourcecode.c.h; name = database.h; path = src/database.h; sourceTree = "<group>"; };
		C39AE0421B2F627E00203139 /* endpoint_resolver.cc */ = {isa = PBXFileReference; fileEncoding = 4; lastKnownFileType = sourcecode.cpp.cpp; name = endpoint_resolver.cc; path = src/endpoint_resolver.cc; sourceTree = "<group>"; };
		C39AE0431B2F627E00203139 /* endpoint_resolver.h */ = {isa = PBXFileReference; fileEncoding = 4; lastKnownFileType = sourcecode.c.h; name = endpoint_resolver.h; path = src/endpoint_resolver.h; sourceTree = "<group>"; };
		C39AE0441B2F627E00203139 /* endpoint.cc */ = {isa = PBXFileReference; fileEncoding = 4; lastKnownFileType = sourcecode.cpp.cpp; name = endpoint.cc; path = src/endpoint.cc; sourceTree = "<group>"; };
		C39AE0451B2F627E00203139 /* endpoint.h */ = {isa = PBXFileReference; fileEncoding = 4; lastKnownFileType = sourcecode.c.h; name = endpoint.h; path = src/endpoint.h; sourceTree = "<group>"; };
		C39AE0461B2F627E00203139 /* fields.cc */ = {isa = PBXFileReference; fileEncoding = 4; lastKnownFileType = sourcecode.cpp.cpp; name = fields.cc; path = src/fields.cc; sourceTree = "<group>"; };
		C39AE0471B2F627E00203139 /* fields.h */ = {isa = PBXFileReference; fileEncoding = 4; lastKnownFileType = sourcecode.c.h; name = fields.h; path = src/fields.h; sourceTree = "<group>"; };
		C39AE0481B2F627E00203139 /* http_parser.c */ = {isa = PBXFileReference; fileEncoding = 4; lastKnownFileType = sourcecode.c.c; name = http_parser.c; path = src/http_parser.c; sourceTree = "<group>"; };
		C39AE0491B2F627E00203139 /* http_parser.h */ = {isa = PBXFileReference; fileEncoding = 4; lastKnownFileType = sourcecode.c.h; name = http_parser.h; path = src/http_parser.h; sourceTree = "<group>"; };
		C39AE04A1B2F627E00203139 /* length.cc */ = {isa = PBXFileReference; fileEncoding = 4; lastKnownFileType = sourcecode.cpp.cpp; name = length.cc; path = src/length.cc; sourceTree = "<group>"; };
		C39AE04B1B2F627E00203139 /* length.h */ = {isa = PBXFileReference; fileEncoding = 4; lastKnownFileType = sourcecode.c.h; name = length.h; path = src/length.h; sourceTree = "<group>"; };
		C39AE04C1B2F627E00203139 /* lru.h */ = {isa = PBXFileReference; fileEncoding = 4; lastKnownFileType = sourcecode.c.h; name = lru.h; path = src/lru.h; sourceTree = "<group>"; };
		C39AE04D1B2F627E00203139 /* manager.cc */ = {isa = PBXFileReference; fileEncoding = 4; lastKnownFileType = sourcecode.cpp.cpp; name = manager.cc; path = src/manager.cc; sourceTree = "<group>"; };
		C39AE04E1B2F627E00203139 /* manager.h */ = {isa = PBXFileReference; fileEncoding = 4; lastKnownFileType = sourcecode.c.h; name = manager.h; path = src/manager.h; sourceTree = "<group>"; };
		C39AE04F1B2F627E00203139 /* md5.cc */ = {isa = PBXFileReference; fileEncoding = 4; lastKnownFileType = sourcecode.cpp.cpp; name = md5.cc; path = src/md5.cc; sourceTree = "<group>"; };
		C39AE0501B2F627E00203139 /* md5.h */ = {isa = PBXFileReference; fileEncoding = 4; lastKnownFileType = sourcecode.c.h; name = md5.h; path = src/md5.h; sourceTree = "<group>"; };
		C39AE0511B2F627E00203139 /* multivalue.cc */ = {isa = PBXFileReference; fileEncoding = 4; lastKnownFileType = sourcecode.cpp.cpp; name = multivalue.cc; path = src/multivalue.cc; sourceTree = "<group>"; };
		C39AE0521B2F627E00203139 /* multivalue.h */ = {isa = PBXFileReference; fileEncoding = 4; lastKnownFileType = sourcecode.c.h; name = multivalue.h; path = src/multivalue.h; sourceTree = "<group>"; };
		C39AE0531B2F627E00203139 /* queue.h */ = {isa = PBXFileReference; fileEncoding = 4; lastKnownFileType = sourcecode.c.h; name = queue.h; path = src/queue.h; sourceTree = "<group>"; };
		C39AE0541B2F627E00203139 /* replicator.cc */ = {isa = PBXFileReference; fileEncoding = 4; lastKnownFileType = sourcecode.cpp.cpp; name = replicator.cc; path = src/replicator.cc; sourceTree = "<group>"; };
		C39AE0551B2F627E00203139 /* replicator.h */ = {isa = PBXFileReference; fileEncoding = 4; lastKnownFileType = sourcecode.c.h; name = replicator.h; path = src/replicator.h; sourceTree = "<group>"; };
		C39AE05A1B2F627E00203139 /* threadpool.cc */ = {isa = PBXFileReference; fileEncoding = 4; lastKnownFileType = sourcecode.cpp.cpp; name = threadpool.cc; path = src/threadpool.cc; sourceTree = "<group>"; };
		C39AE05B1B2F627E00203139 /* threadpool.h */ = {isa = PBXFileReference; fileEncoding = 4; lastKnownFileType = sourcecode.c.h; name = threadpool.h; path = src/threadpool.h; sourceTree = "<group>"; };
		C39AE05C1B2F627E00203139 /* times.cc */ = {isa = PBXFileReference; fileEncoding = 4; lastKnownFileType = sourcecode.cpp.cpp; name = times.cc; path = src/times.cc; sourceTree = "<group>"; };
		C39AE05D1B2F627E00203139 /* times.h */ = {isa = PBXFileReference; fileEncoding = 4; lastKnownFileType = sourcecode.c.h; name = times.h; path = src/times.h; sourceTree = "<group>"; };
		C39AE05E1B2F627E00203139 /* utils.cc */ = {isa = PBXFileReference; fileEncoding = 4; lastKnownFileType = sourcecode.cpp.cpp; name = utils.cc; path = src/utils.cc; sourceTree = "<group>"; };
		C39AE05F1B2F627E00203139 /* utils.h */ = {isa = PBXFileReference; fileEncoding = 4; lastKnownFileType = sourcecode.c.h; name = utils.h; path = src/utils.h; sourceTree = "<group>"; };
		C39AE0601B2F627E00203139 /* worker.h */ = {isa = PBXFileReference; fileEncoding = 4; lastKnownFileType = sourcecode.c.h; name = worker.h; path = src/worker.h; sourceTree = "<group>"; };
		C39AE0611B2F627E00203139 /* xapiand.cc */ = {isa = PBXFileReference; fileEncoding = 4; lastKnownFileType = sourcecode.cpp.cpp; name = xapiand.cc; path = src/xapiand.cc; sourceTree = "<group>"; };
		C39AE0621B2F627E00203139 /* xapiand.h */ = {isa = PBXFileReference; fileEncoding = 4; lastKnownFileType = sourcecode.c.h; name = xapiand.h; path = src/xapiand.h; sourceTree = "<group>"; };
		C39AE0781B2F62D700203139 /* cartesian.cc */ = {isa = PBXFileReference; fileEncoding = 4; lastKnownFileType = sourcecode.cpp.cpp; name = cartesian.cc; path = src/cartesian.cc; sourceTree = "<group>"; };
		C39AE0791B2F62D700203139 /* cartesian.h */ = {isa = PBXFileReference; fileEncoding = 4; lastKnownFileType = sourcecode.c.h; name = cartesian.h; path = src/cartesian.h; sourceTree = "<group>"; };
		C39AE07A1B2F62D700203139 /* exception.cc */ = {isa = PBXFileReference; fileEncoding = 4; lastKnownFileType = sourcecode.cpp.cpp; name = exception.cc; path = src/exception.cc; sourceTree = "<group>"; };
		C39AE07B1B2F62D700203139 /* exception.h */ = {isa = PBXFileReference; fileEncoding = 4; lastKnownFileType = sourcecode.c.h; name = exception.h; path = src/exception.h; sourceTree = "<group>"; };
		C3C37DB81BAF2EA900F99A84 /* compressor.h */ = {isa = PBXFileReference; fileEncoding = 4; lastKnownFileType = sourcecode.c.h; name = compressor.h; path = src/compressor.h; sourceTree = "<group>"; };
		C3C37DBA1BB05C6900F99A84 /* namegen.cc */ = {isa = PBXFileReference; fileEncoding = 4; lastKnownFileType = sourcecode.cpp.cpp; name = namegen.cc; path = src/namegen.cc; sourceTree = "<group>"; };
		C3C37DBC1BB05C8700F99A84 /* namegen.h */ = {isa = PBXFileReference; fileEncoding = 4; lastKnownFileType = sourcecode.c.h; name = namegen.h; path = src/namegen.h; sourceTree = "<group>"; };
		E5CEBCC61A99C89000CD151F /* Xapiand */ = {isa = PBXFileReference; explicitFileType = "compiled.mach-o.executable"; includeInIndex = 0; path = Xapiand; sourceTree = BUILT_PRODUCTS_DIR; };
/* End PBXFileReference section */

/* Begin PBXFrameworksBuildPhase section */
		E5CEBCC31A99C89000CD151F /* Frameworks */ = {
			isa = PBXFrameworksBuildPhase;
			buildActionMask = 2147483647;
			files = (
			);
			runOnlyForDeploymentPostprocessing = 0;
		};
/* End PBXFrameworksBuildPhase section */

/* Begin PBXGroup section */
		E5CEBCBD1A99C89000CD151F = {
			isa = PBXGroup;
			children = (
				C35058A21BA325CC00901B80 /* lz4.c */,
				C35058A31BA325CC00901B80 /* lz4.h */,
				C35058A41BA325CC00901B80 /* lz4frame_static.h */,
				C35058A51BA325CC00901B80 /* lz4frame.c */,
				C35058A61BA325CC00901B80 /* lz4frame.h */,
				C35058A71BA325CC00901B80 /* lz4hc.c */,
				C35058A81BA325CC00901B80 /* lz4hc.h */,
				C35058A91BA325CC00901B80 /* xxhash.c */,
				C35058AA1BA325CC00901B80 /* xxhash.h */,
				C39AE0781B2F62D700203139 /* cartesian.cc */,
				C39AE0791B2F62D700203139 /* cartesian.h */,
				C39AE0351B2F627E00203139 /* cJSON_Utils.c */,
				C39AE0361B2F627E00203139 /* cJSON_Utils.h */,
				C39AE0371B2F627E00203139 /* cJSON.c */,
				C39AE0381B2F627E00203139 /* cJSON.h */,
				C39AE0391B2F627E00203139 /* client_base.cc */,
				C39AE03A1B2F627E00203139 /* client_base.h */,
				C39AE03B1B2F627E00203139 /* client_binary.cc */,
				C39AE03C1B2F627E00203139 /* client_binary.h */,
				C39AE03D1B2F627E00203139 /* client_http.cc */,
				C39AE03E1B2F627E00203139 /* client_http.h */,
				C3C37DB81BAF2EA900F99A84 /* compressor.h */,
				C39AE03F1B2F627E00203139 /* config.h */,
				C39AE0401B2F627E00203139 /* database.cc */,
				C39AE0411B2F627E00203139 /* database.h */,
				465C42A41B8E37FE00861471 /* database_utils.cc */,
				465C42A31B8E37FE00861471 /* database_utils.h */,
				46740EEA1B5436120073C5E9 /* datetime.cc */,
				46740EEB1B5436120073C5E9 /* datetime.h */,
				C39AE0441B2F627E00203139 /* endpoint.cc */,
				C39AE0451B2F627E00203139 /* endpoint.h */,
				C39AE0421B2F627E00203139 /* endpoint_resolver.cc */,
				C39AE0431B2F627E00203139 /* endpoint_resolver.h */,
				C39AE07A1B2F62D700203139 /* exception.cc */,
				C39AE07B1B2F62D700203139 /* exception.h */,
				C39AE0461B2F627E00203139 /* fields.cc */,
				C39AE0471B2F627E00203139 /* fields.h */,
				46B6B3D41B7E5B3C000FA041 /* generate_terms.cc */,
				46B6B3D51B7E5B3C000FA041 /* generate_terms.h */,
				4630BEDE1B42E88D00351058 /* geometry.cc */,
				4630BEDF1B42E88D00351058 /* geometry.h */,
				46B6B3CF1B7E4A1B000FA041 /* geospatialrange.cc */,
				46B6B3CE1B7E4A1B000FA041 /* geospatialrange.h */,
				4630BEE01B42E88D00351058 /* htm.cc */,
				4630BEE11B42E88D00351058 /* htm.h */,
				C39AE0481B2F627E00203139 /* http_parser.c */,
				C39AE0491B2F627E00203139 /* http_parser.h */,
				C350589D1B99E75500901B80 /* io_utils.cc */,
				C350589E1B99E75500901B80 /* io_utils.h */,
				C39AE04C1B2F627E00203139 /* lru.h */,
				C39AE04A1B2F627E00203139 /* length.cc */,
				C39AE04B1B2F627E00203139 /* length.h */,
				C39AE04D1B2F627E00203139 /* manager.cc */,
				C39AE04E1B2F627E00203139 /* manager.h */,
				C39AE04F1B2F627E00203139 /* md5.cc */,
				C39AE0501B2F627E00203139 /* md5.h */,
				C39AE0511B2F627E00203139 /* multivalue.cc */,
				C39AE0521B2F627E00203139 /* multivalue.h */,
				C350589A1B7BAEE300901B80 /* multivaluekeymaker.cc */,
				C350589C1B7BAF0500901B80 /* multivaluekeymaker.h */,
				46B6B3D11B7E4A1B000FA041 /* multivaluerange.cc */,
				46B6B3D01B7E4A1B000FA041 /* multivaluerange.h */,
				C3C37DBA1BB05C6900F99A84 /* namegen.cc */,
				C3C37DBC1BB05C8700F99A84 /* namegen.h */,
				C39AE0531B2F627E00203139 /* queue.h */,
				C39AE0541B2F627E00203139 /* replicator.cc */,
				C39AE0551B2F627E00203139 /* replicator.h */,
				46B6B3CB1B7E3CEF000FA041 /* serialise.cc */,
				46B6B3CC1B7E3CEF000FA041 /* serialise.h */,
				46558F791BB0B86100D1ABDB /* server.cc */,
				46558F781BB0B86100D1ABDB /* server.h */,
				46558F1A1BB06D4700D1ABDB /* server_base.cc */,
				46558F1C1BB06D5600D1ABDB /* server_base.h */,
				46558F7D1BB0C77900D1ABDB /* server_binary.cc */,
				46558F7B1BB0C77800D1ABDB /* server_binary.h */,
				46558F7E1BB0C77900D1ABDB /* server_discovery.cc */,
				46558F7C1BB0C77900D1ABDB /* server_discovery.h */,
				46558F741BB0B27100D1ABDB /* server_http.cc */,
				46558F721BB0B27100D1ABDB /* server_http.h */,
				C39AE05A1B2F627E00203139 /* threadpool.cc */,
				C39AE05B1B2F627E00203139 /* threadpool.h */,
				C39AE05C1B2F627E00203139 /* times.cc */,
				C39AE05D1B2F627E00203139 /* times.h */,
				C39AE05E1B2F627E00203139 /* utils.cc */,
				C39AE05F1B2F627E00203139 /* utils.h */,
				C39AE0601B2F627E00203139 /* worker.h */,
				4630BEE21B42E88D00351058 /* wkt_parser.cc */,
				4630BEE31B42E88D00351058 /* wkt_parser.h */,
				C39AE0611B2F627E00203139 /* xapiand.cc */,
				C39AE0621B2F627E00203139 /* xapiand.h */,
				E5CEBCC71A99C89000CD151F /* Products */,
			);
			sourceTree = "<group>";
		};
		E5CEBCC71A99C89000CD151F /* Products */ = {
			isa = PBXGroup;
			children = (
				E5CEBCC61A99C89000CD151F /* Xapiand */,
			);
			name = Products;
			sourceTree = "<group>";
		};
/* End PBXGroup section */

/* Begin PBXNativeTarget section */
		E5CEBCC51A99C89000CD151F /* Xapiand */ = {
			isa = PBXNativeTarget;
			buildConfigurationList = E5CEBCCD1A99C89000CD151F /* Build configuration list for PBXNativeTarget "Xapiand" */;
			buildPhases = (
				E5CEBCC21A99C89000CD151F /* Sources */,
				E5CEBCC31A99C89000CD151F /* Frameworks */,
				E5CEBCC41A99C89000CD151F /* CopyFiles */,
			);
			buildRules = (
			);
			dependencies = (
			);
			name = Xapiand;
			productName = Xapiand;
			productReference = E5CEBCC61A99C89000CD151F /* Xapiand */;
			productType = "com.apple.product-type.tool";
		};
/* End PBXNativeTarget section */

/* Begin PBXProject section */
		E5CEBCBE1A99C89000CD151F /* Project object */ = {
			isa = PBXProject;
			attributes = {
				LastUpgradeCheck = 0610;
				ORGANIZATIONNAME = "Germán M. Bravo";
				TargetAttributes = {
					E5CEBCC51A99C89000CD151F = {
						CreatedOnToolsVersion = 6.1.1;
					};
				};
			};
			buildConfigurationList = E5CEBCC11A99C89000CD151F /* Build configuration list for PBXProject "Xapiand" */;
			compatibilityVersion = "Xcode 3.2";
			developmentRegion = English;
			hasScannedForEncodings = 0;
			knownRegions = (
				en,
			);
			mainGroup = E5CEBCBD1A99C89000CD151F;
			productRefGroup = E5CEBCC71A99C89000CD151F /* Products */;
			projectDirPath = "";
			projectRoot = "";
			targets = (
				E5CEBCC51A99C89000CD151F /* Xapiand */,
			);
		};
/* End PBXProject section */

/* Begin PBXSourcesBuildPhase section */
		E5CEBCC21A99C89000CD151F /* Sources */ = {
			isa = PBXSourcesBuildPhase;
			buildActionMask = 2147483647;
			files = (
				C350589B1B7BAEE300901B80 /* multivaluekeymaker.cc in Sources */,
				C39AE0771B2F627E00203139 /* xapiand.cc in Sources */,
				C39AE07D1B2F62D700203139 /* exception.cc in Sources */,
				C39AE06F1B2F627E00203139 /* md5.cc in Sources */,
				46558F7A1BB0B86100D1ABDB /* server.cc in Sources */,
				4630BEE51B42E88D00351058 /* htm.cc in Sources */,
				46B6B3CD1B7E3CEF000FA041 /* serialise.cc in Sources */,
				C350589F1B99E75500901B80 /* io_utils.cc in Sources */,
				C39AE0711B2F627E00203139 /* replicator.cc in Sources */,
				46558F761BB0B27100D1ABDB /* server_http.cc in Sources */,
				C39AE06A1B2F627E00203139 /* endpoint.cc in Sources */,
				C39AE0671B2F627E00203139 /* client_http.cc in Sources */,
				46B6B3D61B7E5B3C000FA041 /* generate_terms.cc in Sources */,
				465C42A51B8E37FE00861471 /* database_utils.cc in Sources */,
				4630BEE61B42E88D00351058 /* wkt_parser.cc in Sources */,
				46558F1B1BB06D4700D1ABDB /* server_base.cc in Sources */,
				4630BEE41B42E88D00351058 /* geometry.cc in Sources */,
				C39AE07C1B2F62D700203139 /* cartesian.cc in Sources */,
				C39AE0761B2F627E00203139 /* utils.cc in Sources */,
				C39AE06D1B2F627E00203139 /* length.cc in Sources */,
				C39AE0631B2F627E00203139 /* cJSON_Utils.c in Sources */,
				46558F801BB0C77900D1ABDB /* server_discovery.cc in Sources */,
				C39AE06B1B2F627E00203139 /* fields.cc in Sources */,
				C39AE0681B2F627E00203139 /* database.cc in Sources */,
				C39AE0741B2F627E00203139 /* threadpool.cc in Sources */,
				C39AE0651B2F627E00203139 /* client_base.cc in Sources */,
				C39AE06C1B2F627E00203139 /* http_parser.c in Sources */,
				C39AE0691B2F627E00203139 /* endpoint_resolver.cc in Sources */,
				C39AE0751B2F627E00203139 /* times.cc in Sources */,
				C35058AE1BA325CC00901B80 /* xxhash.c in Sources */,
				C35058AC1BA325CC00901B80 /* lz4frame.c in Sources */,
				46B6B3D31B7E4A1B000FA041 /* multivaluerange.cc in Sources */,
				C3C37DBB1BB05C6900F99A84 /* namegen.cc in Sources */,
				46558F7F1BB0C77900D1ABDB /* server_binary.cc in Sources */,
				C39AE06E1B2F627E00203139 /* manager.cc in Sources */,
				C35058AB1BA325CC00901B80 /* lz4.c in Sources */,
				46B6B3D21B7E4A1B000FA041 /* geospatialrange.cc in Sources */,
				C39AE0701B2F627E00203139 /* multivalue.cc in Sources */,
				C39AE0641B2F627E00203139 /* cJSON.c in Sources */,
				C35058AD1BA325CC00901B80 /* lz4hc.c in Sources */,
				46740EEC1B5436120073C5E9 /* datetime.cc in Sources */,
				C39AE0661B2F627E00203139 /* client_binary.cc in Sources */,
			);
			runOnlyForDeploymentPostprocessing = 0;
		};
/* End PBXSourcesBuildPhase section */

/* Begin XCBuildConfiguration section */
		E5CEBCCB1A99C89000CD151F /* Debug */ = {
			isa = XCBuildConfiguration;
			buildSettings = {
				ALWAYS_SEARCH_USER_PATHS = NO;
				CLANG_CXX_LANGUAGE_STANDARD = "c++14";
				CLANG_CXX_LIBRARY = "libc++";
				CLANG_ENABLE_MODULES = YES;
				CLANG_ENABLE_OBJC_ARC = YES;
				CLANG_WARN_BOOL_CONVERSION = YES;
				CLANG_WARN_CONSTANT_CONVERSION = YES;
				CLANG_WARN_DIRECT_OBJC_ISA_USAGE = YES_ERROR;
				CLANG_WARN_EMPTY_BODY = YES;
				CLANG_WARN_ENUM_CONVERSION = YES;
				CLANG_WARN_INT_CONVERSION = YES;
				CLANG_WARN_OBJC_ROOT_CLASS = YES_ERROR;
				CLANG_WARN_UNREACHABLE_CODE = YES;
				CLANG_WARN__DUPLICATE_METHOD_MATCH = YES;
				COPY_PHASE_STRIP = NO;
				ENABLE_STRICT_OBJC_MSGSEND = YES;
				GCC_C_LANGUAGE_STANDARD = gnu99;
				GCC_DYNAMIC_NO_PIC = NO;
				GCC_OPTIMIZATION_LEVEL = 0;
				GCC_PREPROCESSOR_DEFINITIONS = (
					"DEBUG=1",
					"$(inherited)",
				);
				GCC_SYMBOLS_PRIVATE_EXTERN = NO;
				GCC_WARN_64_TO_32_BIT_CONVERSION = YES;
				GCC_WARN_ABOUT_RETURN_TYPE = YES_ERROR;
				GCC_WARN_UNDECLARED_SELECTOR = YES;
				GCC_WARN_UNINITIALIZED_AUTOS = YES_AGGRESSIVE;
				GCC_WARN_UNUSED_FUNCTION = YES;
				GCC_WARN_UNUSED_VARIABLE = YES;
				MACOSX_DEPLOYMENT_TARGET = 10.10;
				MTL_ENABLE_DEBUG_INFO = YES;
				ONLY_ACTIVE_ARCH = YES;
				SDKROOT = macosx;
			};
			name = Debug;
		};
		E5CEBCCC1A99C89000CD151F /* Release */ = {
			isa = XCBuildConfiguration;
			buildSettings = {
				ALWAYS_SEARCH_USER_PATHS = NO;
				CLANG_CXX_LANGUAGE_STANDARD = "c++14";
				CLANG_CXX_LIBRARY = "libc++";
				CLANG_ENABLE_MODULES = YES;
				CLANG_ENABLE_OBJC_ARC = YES;
				CLANG_WARN_BOOL_CONVERSION = YES;
				CLANG_WARN_CONSTANT_CONVERSION = YES;
				CLANG_WARN_DIRECT_OBJC_ISA_USAGE = YES_ERROR;
				CLANG_WARN_EMPTY_BODY = YES;
				CLANG_WARN_ENUM_CONVERSION = YES;
				CLANG_WARN_INT_CONVERSION = YES;
				CLANG_WARN_OBJC_ROOT_CLASS = YES_ERROR;
				CLANG_WARN_UNREACHABLE_CODE = YES;
				CLANG_WARN__DUPLICATE_METHOD_MATCH = YES;
				COPY_PHASE_STRIP = YES;
				DEBUG_INFORMATION_FORMAT = "dwarf-with-dsym";
				ENABLE_NS_ASSERTIONS = NO;
				ENABLE_STRICT_OBJC_MSGSEND = YES;
				GCC_C_LANGUAGE_STANDARD = gnu99;
				GCC_WARN_64_TO_32_BIT_CONVERSION = YES;
				GCC_WARN_ABOUT_RETURN_TYPE = YES_ERROR;
				GCC_WARN_UNDECLARED_SELECTOR = YES;
				GCC_WARN_UNINITIALIZED_AUTOS = YES_AGGRESSIVE;
				GCC_WARN_UNUSED_FUNCTION = YES;
				GCC_WARN_UNUSED_VARIABLE = YES;
				MACOSX_DEPLOYMENT_TARGET = 10.10;
				MTL_ENABLE_DEBUG_INFO = NO;
				SDKROOT = macosx;
			};
			name = Release;
		};
		E5CEBCCE1A99C89000CD151F /* Debug */ = {
			isa = XCBuildConfiguration;
			buildSettings = {
				OTHER_CPLUSPLUSFLAGS = (
					"-I/usr/local/include",
					"-I/usr/local/include/xapian-1.3",
				);
				OTHER_LDFLAGS = (
					"-L/usr/local/lib",
					"-lz",
					"-lev",
					"-lpcre",
					"-lpthread",
					"-lxapian-1.3",
				);
				OTHER_LIBTOOLFLAGS = "";
				PRODUCT_NAME = "$(TARGET_NAME)";
			};
			name = Debug;
		};
		E5CEBCCF1A99C89000CD151F /* Release */ = {
			isa = XCBuildConfiguration;
			buildSettings = {
				OTHER_CPLUSPLUSFLAGS = (
					"-I/usr/local/include",
					"-I/usr/local/include/xapian-1.3",
				);
				OTHER_LDFLAGS = (
					"-L/usr/local/lib",
					"-lz",
					"-lev",
					"-lpcre",
					"-lpthread",
					"-lxapian-1.3",
				);
				OTHER_LIBTOOLFLAGS = "";
				PRODUCT_NAME = "$(TARGET_NAME)";
			};
			name = Release;
		};
/* End XCBuildConfiguration section */

/* Begin XCConfigurationList section */
		E5CEBCC11A99C89000CD151F /* Build configuration list for PBXProject "Xapiand" */ = {
			isa = XCConfigurationList;
			buildConfigurations = (
				E5CEBCCB1A99C89000CD151F /* Debug */,
				E5CEBCCC1A99C89000CD151F /* Release */,
			);
			defaultConfigurationIsVisible = 0;
			defaultConfigurationName = Release;
		};
		E5CEBCCD1A99C89000CD151F /* Build configuration list for PBXNativeTarget "Xapiand" */ = {
			isa = XCConfigurationList;
			buildConfigurations = (
				E5CEBCCE1A99C89000CD151F /* Debug */,
				E5CEBCCF1A99C89000CD151F /* Release */,
			);
			defaultConfigurationIsVisible = 0;
			defaultConfigurationName = Release;
		};
/* End XCConfigurationList section */
	};
	rootObject = E5CEBCBE1A99C89000CD151F /* Project object */;
}
