// !$*UTF8*$!
{
	archiveVersion = 1;
	classes = {
	};
	objectVersion = 46;
	objects = {

/* Begin PBXBuildFile section */
		C35DB9DF1AD4538100054358 /* fields.cc in Sources */ = {isa = PBXBuildFile; fileRef = C35DB9DD1AD4538100054358 /* fields.cc */; };
		C35DB9E11ADC6E2100054358 /* endpoint.cc in Sources */ = {isa = PBXBuildFile; fileRef = C35DB9E01ADC6E2100054358 /* endpoint.cc */; };
		C35DBA7F1AE7FD4500054358 /* tests.cc in Sources */ = {isa = PBXBuildFile; fileRef = C35DBA7E1AE7FD4500054358 /* tests.cc */; };
		C3A57D381AFD1E10006ED03C /* cJSON_Utils.c in Sources */ = {isa = PBXBuildFile; fileRef = C3A57D361AFD1E10006ED03C /* cJSON_Utils.c */; };
		C3AF50161AC1E79A007071BF /* md5.cc in Sources */ = {isa = PBXBuildFile; fileRef = C3AF50141AC1E79A007071BF /* md5.cc */; };
		E59725B71A9CFCAD0060069C /* http_parser.c in Sources */ = {isa = PBXBuildFile; fileRef = E59725B51A9CFCAD0060069C /* http_parser.c */; };
		E59725CC1A9D25EB0060069C /* client_base.cc in Sources */ = {isa = PBXBuildFile; fileRef = E59725C61A9D25EB0060069C /* client_base.cc */; };
		E59725CD1A9D25EB0060069C /* client_binary.cc in Sources */ = {isa = PBXBuildFile; fileRef = E59725C81A9D25EB0060069C /* client_binary.cc */; };
		E59725CE1A9D25EB0060069C /* client_http.cc in Sources */ = {isa = PBXBuildFile; fileRef = E59725CA1A9D25EB0060069C /* client_http.cc */; };
		E59725D11A9D25F60060069C /* utils.cc in Sources */ = {isa = PBXBuildFile; fileRef = E59725CF1A9D25F60060069C /* utils.cc */; };
		E59725D41AA1A38B0060069C /* cJSON.c in Sources */ = {isa = PBXBuildFile; fileRef = E59725D21AA1A38B0060069C /* cJSON.c */; };
		E597730C1ACC75EB00E3DA76 /* length.cc in Sources */ = {isa = PBXBuildFile; fileRef = E597730A1ACC75EB00E3DA76 /* length.cc */; };
		E5C170471AA4B9CC00C21A86 /* manager.cc in Sources */ = {isa = PBXBuildFile; fileRef = E5C170451AA4B9CC00C21A86 /* manager.cc */; };
		E5CEBCDF1A99C9BB00CD151F /* server.cc in Sources */ = {isa = PBXBuildFile; fileRef = E5CEBCDA1A99C9BB00CD151F /* server.cc */; };
		E5CEBCE01A99C9BB00CD151F /* threadpool.cc in Sources */ = {isa = PBXBuildFile; fileRef = E5CEBCDC1A99C9BB00CD151F /* threadpool.cc */; };
		E5CEBCE11A99C9BB00CD151F /* xapiand.cc in Sources */ = {isa = PBXBuildFile; fileRef = E5CEBCDE1A99C9BB00CD151F /* xapiand.cc */; };
		E5CEBCEA1A9B22E600CD151F /* database.cc in Sources */ = {isa = PBXBuildFile; fileRef = E5CEBCE91A9B22E600CD151F /* database.cc */; };
		E5CF673B1AE824C4001C06BA /* multivalue.cc in Sources */ = {isa = PBXBuildFile; fileRef = E5CF67391AE824C4001C06BA /* multivalue.cc */; };
/* End PBXBuildFile section */

/* Begin PBXCopyFilesBuildPhase section */
		E5CEBCC41A99C89000CD151F /* CopyFiles */ = {
			isa = PBXCopyFilesBuildPhase;
			buildActionMask = 2147483647;
			dstPath = /usr/share/man/man1/;
			dstSubfolderSpec = 0;
			files = (
			);
			runOnlyForDeploymentPostprocessing = 1;
		};
/* End PBXCopyFilesBuildPhase section */

/* Begin PBXFileReference section */
		C35DB9DD1AD4538100054358 /* fields.cc */ = {isa = PBXFileReference; fileEncoding = 4; lastKnownFileType = sourcecode.cpp.cpp; path = fields.cc; sourceTree = "<group>"; };
		C35DB9DE1AD4538100054358 /* fields.h */ = {isa = PBXFileReference; fileEncoding = 4; lastKnownFileType = sourcecode.c.h; path = fields.h; sourceTree = "<group>"; };
		C35DB9E01ADC6E2100054358 /* endpoint.cc */ = {isa = PBXFileReference; fileEncoding = 4; lastKnownFileType = sourcecode.cpp.cpp; path = endpoint.cc; sourceTree = "<group>"; };
		C35DB9E21AE7FD1800054358 /* tests.h */ = {isa = PBXFileReference; fileEncoding = 4; lastKnownFileType = sourcecode.c.h; path = tests.h; sourceTree = "<group>"; };
		C35DBA7E1AE7FD4500054358 /* tests.cc */ = {isa = PBXFileReference; fileEncoding = 4; lastKnownFileType = sourcecode.cpp.cpp; path = tests.cc; sourceTree = "<group>"; };
		C3A57D361AFD1E10006ED03C /* cJSON_Utils.c */ = {isa = PBXFileReference; fileEncoding = 4; lastKnownFileType = sourcecode.c.c; path = cJSON_Utils.c; sourceTree = "<group>"; };
		C3A57D371AFD1E10006ED03C /* cJSON_Utils.h */ = {isa = PBXFileReference; fileEncoding = 4; lastKnownFileType = sourcecode.c.h; path = cJSON_Utils.h; sourceTree = "<group>"; };
		C3AF50141AC1E79A007071BF /* md5.cc */ = {isa = PBXFileReference; fileEncoding = 4; lastKnownFileType = sourcecode.cpp.cpp; path = md5.cc; sourceTree = "<group>"; };
		C3AF50151AC1E79A007071BF /* md5.h */ = {isa = PBXFileReference; fileEncoding = 4; lastKnownFileType = sourcecode.c.h; path = md5.h; sourceTree = "<group>"; };
		E59725B51A9CFCAD0060069C /* http_parser.c */ = {isa = PBXFileReference; fileEncoding = 4; lastKnownFileType = sourcecode.c.c; path = http_parser.c; sourceTree = "<group>"; };
		E59725B61A9CFCAD0060069C /* http_parser.h */ = {isa = PBXFileReference; fileEncoding = 4; lastKnownFileType = sourcecode.c.h; path = http_parser.h; sourceTree = "<group>"; };
		E59725C61A9D25EB0060069C /* client_base.cc */ = {isa = PBXFileReference; fileEncoding = 4; lastKnownFileType = sourcecode.cpp.cpp; path = client_base.cc; sourceTree = "<group>"; };
		E59725C71A9D25EB0060069C /* client_base.h */ = {isa = PBXFileReference; fileEncoding = 4; lastKnownFileType = sourcecode.c.h; path = client_base.h; sourceTree = "<group>"; };
		E59725C81A9D25EB0060069C /* client_binary.cc */ = {isa = PBXFileReference; fileEncoding = 4; lastKnownFileType = sourcecode.cpp.cpp; path = client_binary.cc; sourceTree = "<group>"; };
		E59725C91A9D25EB0060069C /* client_binary.h */ = {isa = PBXFileReference; fileEncoding = 4; lastKnownFileType = sourcecode.c.h; path = client_binary.h; sourceTree = "<group>"; };
		E59725CA1A9D25EB0060069C /* client_http.cc */ = {isa = PBXFileReference; fileEncoding = 4; lastKnownFileType = sourcecode.cpp.cpp; path = client_http.cc; sourceTree = "<group>"; };
		E59725CB1A9D25EB0060069C /* client_http.h */ = {isa = PBXFileReference; fileEncoding = 4; lastKnownFileType = sourcecode.c.h; path = client_http.h; sourceTree = "<group>"; };
		E59725CF1A9D25F60060069C /* utils.cc */ = {isa = PBXFileReference; fileEncoding = 4; lastKnownFileType = sourcecode.cpp.cpp; path = utils.cc; sourceTree = "<group>"; };
		E59725D01A9D25F60060069C /* utils.h */ = {isa = PBXFileReference; fileEncoding = 4; lastKnownFileType = sourcecode.c.h; path = utils.h; sourceTree = "<group>"; };
		E59725D21AA1A38B0060069C /* cJSON.c */ = {isa = PBXFileReference; fileEncoding = 4; lastKnownFileType = sourcecode.c.c; path = cJSON.c; sourceTree = "<group>"; };
		E59725D31AA1A38B0060069C /* cJSON.h */ = {isa = PBXFileReference; fileEncoding = 4; lastKnownFileType = sourcecode.c.h; path = cJSON.h; sourceTree = "<group>"; };
		E59725D51AA20D7B0060069C /* config.h */ = {isa = PBXFileReference; lastKnownFileType = sourcecode.c.h; path = config.h; sourceTree = "<group>"; };
		E59725D61AA2141F0060069C /* xapiand.h */ = {isa = PBXFileReference; lastKnownFileType = sourcecode.c.h; path = xapiand.h; sourceTree = "<group>"; };
		E597730A1ACC75EB00E3DA76 /* length.cc */ = {isa = PBXFileReference; fileEncoding = 4; lastKnownFileType = sourcecode.cpp.cpp; path = length.cc; sourceTree = "<group>"; };
		E597730B1ACC75EB00E3DA76 /* length.h */ = {isa = PBXFileReference; fileEncoding = 4; lastKnownFileType = sourcecode.c.h; path = length.h; sourceTree = "<group>"; };
		E5C170451AA4B9CC00C21A86 /* manager.cc */ = {isa = PBXFileReference; fileEncoding = 4; lastKnownFileType = sourcecode.cpp.cpp; path = manager.cc; sourceTree = "<group>"; };
		E5C170461AA4B9CC00C21A86 /* manager.h */ = {isa = PBXFileReference; fileEncoding = 4; lastKnownFileType = sourcecode.c.h; path = manager.h; sourceTree = "<group>"; };
		E5CEBCC61A99C89000CD151F /* Xapiand */ = {isa = PBXFileReference; explicitFileType = "compiled.mach-o.executable"; includeInIndex = 0; path = Xapiand; sourceTree = BUILT_PRODUCTS_DIR; };
		E5CEBCD91A99C9BB00CD151F /* queue.h */ = {isa = PBXFileReference; fileEncoding = 4; lastKnownFileType = sourcecode.c.h; path = queue.h; sourceTree = "<group>"; };
		E5CEBCDA1A99C9BB00CD151F /* server.cc */ = {isa = PBXFileReference; fileEncoding = 4; lastKnownFileType = sourcecode.cpp.cpp; path = server.cc; sourceTree = "<group>"; };
		E5CEBCDB1A99C9BB00CD151F /* server.h */ = {isa = PBXFileReference; fileEncoding = 4; lastKnownFileType = sourcecode.c.h; path = server.h; sourceTree = "<group>"; };
		E5CEBCDC1A99C9BB00CD151F /* threadpool.cc */ = {isa = PBXFileReference; fileEncoding = 4; lastKnownFileType = sourcecode.cpp.cpp; path = threadpool.cc; sourceTree = "<group>"; };
		E5CEBCDD1A99C9BB00CD151F /* threadpool.h */ = {isa = PBXFileReference; fileEncoding = 4; lastKnownFileType = sourcecode.c.h; path = threadpool.h; sourceTree = "<group>"; };
		E5CEBCDE1A99C9BB00CD151F /* xapiand.cc */ = {isa = PBXFileReference; fileEncoding = 4; lastKnownFileType = sourcecode.cpp.cpp; path = xapiand.cc; sourceTree = "<group>"; };
		E5CEBCE51A9AE80200CD151F /* endpoint.h */ = {isa = PBXFileReference; fileEncoding = 4; lastKnownFileType = sourcecode.c.h; path = endpoint.h; sourceTree = "<group>"; };
		E5CEBCE61A9B228C00CD151F /* database.h */ = {isa = PBXFileReference; lastKnownFileType = sourcecode.c.h; path = database.h; sourceTree = "<group>"; };
		E5CEBCE91A9B22E600CD151F /* database.cc */ = {isa = PBXFileReference; fileEncoding = 4; lastKnownFileType = sourcecode.cpp.cpp; path = database.cc; sourceTree = "<group>"; };
		E5CF67391AE824C4001C06BA /* multivalue.cc */ = {isa = PBXFileReference; fileEncoding = 4; lastKnownFileType = sourcecode.cpp.cpp; path = multivalue.cc; sourceTree = "<group>"; };
		E5CF673A1AE824C4001C06BA /* multivalue.h */ = {isa = PBXFileReference; fileEncoding = 4; lastKnownFileType = sourcecode.c.h; path = multivalue.h; sourceTree = "<group>"; };
/* End PBXFileReference section */

/* Begin PBXFrameworksBuildPhase section */
		E5CEBCC31A99C89000CD151F /* Frameworks */ = {
			isa = PBXFrameworksBuildPhase;
			buildActionMask = 2147483647;
			files = (
			);
			runOnlyForDeploymentPostprocessing = 0;
		};
/* End PBXFrameworksBuildPhase section */

/* Begin PBXGroup section */
		E5CEBCBD1A99C89000CD151F = {
			isa = PBXGroup;
			children = (
				E5CEBCC71A99C89000CD151F /* Products */,
				E59725D51AA20D7B0060069C /* config.h */,
				E59725D61AA2141F0060069C /* xapiand.h */,
				E5CEBCDE1A99C9BB00CD151F /* xapiand.cc */,
				E597730B1ACC75EB00E3DA76 /* length.h */,
				E597730A1ACC75EB00E3DA76 /* length.cc */,
				E59725D01A9D25F60060069C /* utils.h */,
				E59725CF1A9D25F60060069C /* utils.cc */,
				E5CEBCE51A9AE80200CD151F /* endpoint.h */,
				C35DB9E01ADC6E2100054358 /* endpoint.cc */,
				E5C170461AA4B9CC00C21A86 /* manager.h */,
				E5C170451AA4B9CC00C21A86 /* manager.cc */,
				E5CEBCDB1A99C9BB00CD151F /* server.h */,
				E5CEBCDA1A99C9BB00CD151F /* server.cc */,
				E59725C71A9D25EB0060069C /* client_base.h */,
				E59725C61A9D25EB0060069C /* client_base.cc */,
				E59725C91A9D25EB0060069C /* client_binary.h */,
				E59725C81A9D25EB0060069C /* client_binary.cc */,
				E59725CB1A9D25EB0060069C /* client_http.h */,
				E59725CA1A9D25EB0060069C /* client_http.cc */,
				C35DB9E21AE7FD1800054358 /* tests.h */,
				C35DBA7E1AE7FD4500054358 /* tests.cc */,
				C35DB9DE1AD4538100054358 /* fields.h */,
				C35DB9DD1AD4538100054358 /* fields.cc */,
				E5CF673A1AE824C4001C06BA /* multivalue.h */,
				E5CF67391AE824C4001C06BA /* multivalue.cc */,
				E5CEBCE61A9B228C00CD151F /* database.h */,
				E5CEBCE91A9B22E600CD151F /* database.cc */,
				E5CEBCD91A99C9BB00CD151F /* queue.h */,
				E5CEBCDD1A99C9BB00CD151F /* threadpool.h */,
				E5CEBCDC1A99C9BB00CD151F /* threadpool.cc */,
				C3A57D371AFD1E10006ED03C /* cJSON_Utils.h */,
				C3A57D361AFD1E10006ED03C /* cJSON_Utils.c */,
				E59725B61A9CFCAD0060069C /* http_parser.h */,
				E59725B51A9CFCAD0060069C /* http_parser.c */,
				E59725D21AA1A38B0060069C /* cJSON.c */,
				E59725D31AA1A38B0060069C /* cJSON.h */,
				C3AF50151AC1E79A007071BF /* md5.h */,
				C3AF50141AC1E79A007071BF /* md5.cc */,
			);
			sourceTree = "<group>";
		};
		E5CEBCC71A99C89000CD151F /* Products */ = {
			isa = PBXGroup;
			children = (
				E5CEBCC61A99C89000CD151F /* Xapiand */,
			);
			name = Products;
			sourceTree = "<group>";
		};
/* End PBXGroup section */

/* Begin PBXNativeTarget section */
		E5CEBCC51A99C89000CD151F /* Xapiand */ = {
			isa = PBXNativeTarget;
			buildConfigurationList = E5CEBCCD1A99C89000CD151F /* Build configuration list for PBXNativeTarget "Xapiand" */;
			buildPhases = (
				E5CEBCC21A99C89000CD151F /* Sources */,
				E5CEBCC31A99C89000CD151F /* Frameworks */,
				E5CEBCC41A99C89000CD151F /* CopyFiles */,
			);
			buildRules = (
			);
			dependencies = (
			);
			name = Xapiand;
			productName = Xapiand;
			productReference = E5CEBCC61A99C89000CD151F /* Xapiand */;
			productType = "com.apple.product-type.tool";
		};
/* End PBXNativeTarget section */

/* Begin PBXProject section */
		E5CEBCBE1A99C89000CD151F /* Project object */ = {
			isa = PBXProject;
			attributes = {
				LastUpgradeCheck = 0610;
				ORGANIZATIONNAME = "Germán M. Bravo";
				TargetAttributes = {
					E5CEBCC51A99C89000CD151F = {
						CreatedOnToolsVersion = 6.1.1;
					};
				};
			};
			buildConfigurationList = E5CEBCC11A99C89000CD151F /* Build configuration list for PBXProject "Xapiand" */;
			compatibilityVersion = "Xcode 3.2";
			developmentRegion = English;
			hasScannedForEncodings = 0;
			knownRegions = (
				en,
			);
			mainGroup = E5CEBCBD1A99C89000CD151F;
			productRefGroup = E5CEBCC71A99C89000CD151F /* Products */;
			projectDirPath = "";
			projectRoot = "";
			targets = (
				E5CEBCC51A99C89000CD151F /* Xapiand */,
			);
		};
/* End PBXProject section */

/* Begin PBXSourcesBuildPhase section */
		E5CEBCC21A99C89000CD151F /* Sources */ = {
			isa = PBXSourcesBuildPhase;
			buildActionMask = 2147483647;
			files = (
				E597730C1ACC75EB00E3DA76 /* length.cc in Sources */,
				C3AF50161AC1E79A007071BF /* md5.cc in Sources */,
				E5CF673B1AE824C4001C06BA /* multivalue.cc in Sources */,
				E5CEBCE11A99C9BB00CD151F /* xapiand.cc in Sources */,
				C35DB9DF1AD4538100054358 /* fields.cc in Sources */,
				E5CEBCEA1A9B22E600CD151F /* database.cc in Sources */,
				E59725CE1A9D25EB0060069C /* client_http.cc in Sources */,
				E59725CC1A9D25EB0060069C /* client_base.cc in Sources */,
				E59725D11A9D25F60060069C /* utils.cc in Sources */,
				C35DB9E11ADC6E2100054358 /* endpoint.cc in Sources */,
				E5CEBCDF1A99C9BB00CD151F /* server.cc in Sources */,
				C3A57D381AFD1E10006ED03C /* cJSON_Utils.c in Sources */,
				E5C170471AA4B9CC00C21A86 /* manager.cc in Sources */,
				E59725D41AA1A38B0060069C /* cJSON.c in Sources */,
				E59725B71A9CFCAD0060069C /* http_parser.c in Sources */,
				E5CEBCE01A99C9BB00CD151F /* threadpool.cc in Sources */,
				E59725CD1A9D25EB0060069C /* client_binary.cc in Sources */,
				C35DBA7F1AE7FD4500054358 /* tests.cc in Sources */,
			);
			runOnlyForDeploymentPostprocessing = 0;
		};
/* End PBXSourcesBuildPhase section */

/* Begin XCBuildConfiguration section */
		E5CEBCCB1A99C89000CD151F /* Debug */ = {
			isa = XCBuildConfiguration;
			buildSettings = {
				ALWAYS_SEARCH_USER_PATHS = NO;
				CLANG_CXX_LANGUAGE_STANDARD = "gnu++0x";
				CLANG_CXX_LIBRARY = "libc++";
				CLANG_ENABLE_MODULES = YES;
				CLANG_ENABLE_OBJC_ARC = YES;
				CLANG_WARN_BOOL_CONVERSION = YES;
				CLANG_WARN_CONSTANT_CONVERSION = YES;
				CLANG_WARN_DIRECT_OBJC_ISA_USAGE = YES_ERROR;
				CLANG_WARN_EMPTY_BODY = YES;
				CLANG_WARN_ENUM_CONVERSION = YES;
				CLANG_WARN_INT_CONVERSION = YES;
				CLANG_WARN_OBJC_ROOT_CLASS = YES_ERROR;
				CLANG_WARN_UNREACHABLE_CODE = YES;
				CLANG_WARN__DUPLICATE_METHOD_MATCH = YES;
				COPY_PHASE_STRIP = NO;
				ENABLE_STRICT_OBJC_MSGSEND = YES;
				GCC_C_LANGUAGE_STANDARD = gnu99;
				GCC_DYNAMIC_NO_PIC = NO;
				GCC_OPTIMIZATION_LEVEL = 0;
				GCC_PREPROCESSOR_DEFINITIONS = (
					"DEBUG=1",
					"$(inherited)",
				);
				GCC_SYMBOLS_PRIVATE_EXTERN = NO;
				GCC_WARN_64_TO_32_BIT_CONVERSION = YES;
				GCC_WARN_ABOUT_RETURN_TYPE = YES_ERROR;
				GCC_WARN_UNDECLARED_SELECTOR = YES;
				GCC_WARN_UNINITIALIZED_AUTOS = YES_AGGRESSIVE;
				GCC_WARN_UNUSED_FUNCTION = YES;
				GCC_WARN_UNUSED_VARIABLE = YES;
				MACOSX_DEPLOYMENT_TARGET = 10.10;
				MTL_ENABLE_DEBUG_INFO = YES;
				ONLY_ACTIVE_ARCH = YES;
				SDKROOT = macosx;
			};
			name = Debug;
		};
		E5CEBCCC1A99C89000CD151F /* Release */ = {
			isa = XCBuildConfiguration;
			buildSettings = {
				ALWAYS_SEARCH_USER_PATHS = NO;
				CLANG_CXX_LANGUAGE_STANDARD = "gnu++0x";
				CLANG_CXX_LIBRARY = "libc++";
				CLANG_ENABLE_MODULES = YES;
				CLANG_ENABLE_OBJC_ARC = YES;
				CLANG_WARN_BOOL_CONVERSION = YES;
				CLANG_WARN_CONSTANT_CONVERSION = YES;
				CLANG_WARN_DIRECT_OBJC_ISA_USAGE = YES_ERROR;
				CLANG_WARN_EMPTY_BODY = YES;
				CLANG_WARN_ENUM_CONVERSION = YES;
				CLANG_WARN_INT_CONVERSION = YES;
				CLANG_WARN_OBJC_ROOT_CLASS = YES_ERROR;
				CLANG_WARN_UNREACHABLE_CODE = YES;
				CLANG_WARN__DUPLICATE_METHOD_MATCH = YES;
				COPY_PHASE_STRIP = YES;
				DEBUG_INFORMATION_FORMAT = "dwarf-with-dsym";
				ENABLE_NS_ASSERTIONS = NO;
				ENABLE_STRICT_OBJC_MSGSEND = YES;
				GCC_C_LANGUAGE_STANDARD = gnu99;
				GCC_WARN_64_TO_32_BIT_CONVERSION = YES;
				GCC_WARN_ABOUT_RETURN_TYPE = YES_ERROR;
				GCC_WARN_UNDECLARED_SELECTOR = YES;
				GCC_WARN_UNINITIALIZED_AUTOS = YES_AGGRESSIVE;
				GCC_WARN_UNUSED_FUNCTION = YES;
				GCC_WARN_UNUSED_VARIABLE = YES;
				MACOSX_DEPLOYMENT_TARGET = 10.10;
				MTL_ENABLE_DEBUG_INFO = NO;
				SDKROOT = macosx;
			};
			name = Release;
		};
		E5CEBCCE1A99C89000CD151F /* Debug */ = {
			isa = XCBuildConfiguration;
			buildSettings = {
				OTHER_CPLUSPLUSFLAGS = (
					"-I/usr/local/include",
					"-I/usr/local/include/xapian-1.3",
				);
				OTHER_LDFLAGS = (
					"-L/usr/local/lib",
					"-lz",
					"-lev",
					"-lpcre",
					"-lpthread",
					"-lxapian-1.3",
				);
				OTHER_LIBTOOLFLAGS = "";
				PRODUCT_NAME = "$(TARGET_NAME)";
			};
			name = Debug;
		};
		E5CEBCCF1A99C89000CD151F /* Release */ = {
			isa = XCBuildConfiguration;
			buildSettings = {
				OTHER_CPLUSPLUSFLAGS = (
					"-I/usr/local/include",
					"-I/usr/local/include/xapian-1.3",
				);
				OTHER_LDFLAGS = (
					"-L/usr/local/lib",
					"-lz",
					"-lev",
					"-lpcre",
					"-lpthread",
					"-lxapian-1.3",
				);
				OTHER_LIBTOOLFLAGS = "";
				PRODUCT_NAME = "$(TARGET_NAME)";
			};
			name = Release;
		};
/* End XCBuildConfiguration section */

/* Begin XCConfigurationList section */
		E5CEBCC11A99C89000CD151F /* Build configuration list for PBXProject "Xapiand" */ = {
			isa = XCConfigurationList;
			buildConfigurations = (
				E5CEBCCB1A99C89000CD151F /* Debug */,
				E5CEBCCC1A99C89000CD151F /* Release */,
			);
			defaultConfigurationIsVisible = 0;
			defaultConfigurationName = Release;
		};
		E5CEBCCD1A99C89000CD151F /* Build configuration list for PBXNativeTarget "Xapiand" */ = {
			isa = XCConfigurationList;
			buildConfigurations = (
				E5CEBCCE1A99C89000CD151F /* Debug */,
				E5CEBCCF1A99C89000CD151F /* Release */,
			);
			defaultConfigurationIsVisible = 0;
			defaultConfigurationName = Release;
		};
/* End XCConfigurationList section */
	};
	rootObject = E5CEBCBE1A99C89000CD151F /* Project object */;
}
